// !$*UTF8*$!
{
	archiveVersion = 1;
	classes = {
	};
	objectVersion = 50;
	objects = {

/* Begin PBXBuildFile section */
		0248A9162678820000B54F4F /* AppDelegate.swift in Sources */ = {isa = PBXBuildFile; fileRef = 0248A9152678820000B54F4F /* AppDelegate.swift */; };
		0248A9182678820000B54F4F /* SceneDelegate.swift in Sources */ = {isa = PBXBuildFile; fileRef = 0248A9172678820000B54F4F /* SceneDelegate.swift */; };
		0248A91A2678820000B54F4F /* ViewController.swift in Sources */ = {isa = PBXBuildFile; fileRef = 0248A9192678820000B54F4F /* ViewController.swift */; };
		0248A91D2678820000B54F4F /* Main.storyboard in Resources */ = {isa = PBXBuildFile; fileRef = 0248A91B2678820000B54F4F /* Main.storyboard */; };
		0248A91F2678820200B54F4F /* Assets.xcassets in Resources */ = {isa = PBXBuildFile; fileRef = 0248A91E2678820200B54F4F /* Assets.xcassets */; };
		0248A9222678820200B54F4F /* LaunchScreen.storyboard in Resources */ = {isa = PBXBuildFile; fileRef = 0248A9202678820200B54F4F /* LaunchScreen.storyboard */; };
		0248A92D2678820300B54F4F /* CryptoWalletTests.swift in Sources */ = {isa = PBXBuildFile; fileRef = 0248A92C2678820300B54F4F /* CryptoWalletTests.swift */; };
		0248A9382678820300B54F4F /* CryptoWalletUITests.swift in Sources */ = {isa = PBXBuildFile; fileRef = 0248A9372678820300B54F4F /* CryptoWalletUITests.swift */; };
		1BFD5B784DCBDD2FFECC514C /* Pods_CryptoWallet_CryptoWalletUITests.framework in Frameworks */ = {isa = PBXBuildFile; fileRef = 7071CF27669D1DBFE73C774C /* Pods_CryptoWallet_CryptoWalletUITests.framework */; };
		5C0275CB97E18F17BE491EB7 /* Pods_CryptoWalletTests.framework in Frameworks */ = {isa = PBXBuildFile; fileRef = 1602FF4FED0BD74749446418 /* Pods_CryptoWalletTests.framework */; };
		FE9D9A84B1661FB7096D34B9 /* Pods_CryptoWallet.framework in Frameworks */ = {isa = PBXBuildFile; fileRef = F6D646011DF8323E98C79955 /* Pods_CryptoWallet.framework */; };
/* End PBXBuildFile section */

/* Begin PBXContainerItemProxy section */
		0248A9292678820300B54F4F /* PBXContainerItemProxy */ = {
			isa = PBXContainerItemProxy;
			containerPortal = 0248A90A2678820000B54F4F /* Project object */;
			proxyType = 1;
			remoteGlobalIDString = 0248A9112678820000B54F4F;
			remoteInfo = CryptoWallet;
		};
		0248A9342678820300B54F4F /* PBXContainerItemProxy */ = {
			isa = PBXContainerItemProxy;
			containerPortal = 0248A90A2678820000B54F4F /* Project object */;
			proxyType = 1;
			remoteGlobalIDString = 0248A9112678820000B54F4F;
			remoteInfo = CryptoWallet;
		};
/* End PBXContainerItemProxy section */

/* Begin PBXFileReference section */
		0248A9122678820000B54F4F /* CryptoWallet.app */ = {isa = PBXFileReference; explicitFileType = wrapper.application; includeInIndex = 0; path = CryptoWallet.app; sourceTree = BUILT_PRODUCTS_DIR; };
		0248A9152678820000B54F4F /* AppDelegate.swift */ = {isa = PBXFileReference; lastKnownFileType = sourcecode.swift; path = AppDelegate.swift; sourceTree = "<group>"; };
		0248A9172678820000B54F4F /* SceneDelegate.swift */ = {isa = PBXFileReference; lastKnownFileType = sourcecode.swift; path = SceneDelegate.swift; sourceTree = "<group>"; };
		0248A9192678820000B54F4F /* ViewController.swift */ = {isa = PBXFileReference; lastKnownFileType = sourcecode.swift; path = ViewController.swift; sourceTree = "<group>"; };
		0248A91C2678820000B54F4F /* Base */ = {isa = PBXFileReference; lastKnownFileType = file.storyboard; name = Base; path = Base.lproj/Main.storyboard; sourceTree = "<group>"; };
		0248A91E2678820200B54F4F /* Assets.xcassets */ = {isa = PBXFileReference; lastKnownFileType = folder.assetcatalog; path = Assets.xcassets; sourceTree = "<group>"; };
		0248A9212678820200B54F4F /* Base */ = {isa = PBXFileReference; lastKnownFileType = file.storyboard; name = Base; path = Base.lproj/LaunchScreen.storyboard; sourceTree = "<group>"; };
		0248A9232678820200B54F4F /* Info.plist */ = {isa = PBXFileReference; lastKnownFileType = text.plist.xml; path = Info.plist; sourceTree = "<group>"; };
		0248A9282678820300B54F4F /* CryptoWalletTests.xctest */ = {isa = PBXFileReference; explicitFileType = wrapper.cfbundle; includeInIndex = 0; path = CryptoWalletTests.xctest; sourceTree = BUILT_PRODUCTS_DIR; };
		0248A92C2678820300B54F4F /* CryptoWalletTests.swift */ = {isa = PBXFileReference; lastKnownFileType = sourcecode.swift; path = CryptoWalletTests.swift; sourceTree = "<group>"; };
		0248A92E2678820300B54F4F /* Info.plist */ = {isa = PBXFileReference; lastKnownFileType = text.plist.xml; path = Info.plist; sourceTree = "<group>"; };
		0248A9332678820300B54F4F /* CryptoWalletUITests.xctest */ = {isa = PBXFileReference; explicitFileType = wrapper.cfbundle; includeInIndex = 0; path = CryptoWalletUITests.xctest; sourceTree = BUILT_PRODUCTS_DIR; };
		0248A9372678820300B54F4F /* CryptoWalletUITests.swift */ = {isa = PBXFileReference; lastKnownFileType = sourcecode.swift; path = CryptoWalletUITests.swift; sourceTree = "<group>"; };
		0248A9392678820300B54F4F /* Info.plist */ = {isa = PBXFileReference; lastKnownFileType = text.plist.xml; path = Info.plist; sourceTree = "<group>"; };
		1602FF4FED0BD74749446418 /* Pods_CryptoWalletTests.framework */ = {isa = PBXFileReference; explicitFileType = wrapper.framework; includeInIndex = 0; path = Pods_CryptoWalletTests.framework; sourceTree = BUILT_PRODUCTS_DIR; };
		1C8D7B094F0ED2A34546EAEA /* Pods-CryptoWallet-CryptoWalletUITests.release.xcconfig */ = {isa = PBXFileReference; includeInIndex = 1; lastKnownFileType = text.xcconfig; name = "Pods-CryptoWallet-CryptoWalletUITests.release.xcconfig"; path = "Target Support Files/Pods-CryptoWallet-CryptoWalletUITests/Pods-CryptoWallet-CryptoWalletUITests.release.xcconfig"; sourceTree = "<group>"; };
		1EE1A9B636520465A1226E6E /* Pods-CryptoWallet-CryptoWalletUITests.debug.xcconfig */ = {isa = PBXFileReference; includeInIndex = 1; lastKnownFileType = text.xcconfig; name = "Pods-CryptoWallet-CryptoWalletUITests.debug.xcconfig"; path = "Target Support Files/Pods-CryptoWallet-CryptoWalletUITests/Pods-CryptoWallet-CryptoWalletUITests.debug.xcconfig"; sourceTree = "<group>"; };
		4B80E8D0E8C14E0B6F0B2642 /* Pods-CryptoWalletTests.debug.xcconfig */ = {isa = PBXFileReference; includeInIndex = 1; lastKnownFileType = text.xcconfig; name = "Pods-CryptoWalletTests.debug.xcconfig"; path = "Target Support Files/Pods-CryptoWalletTests/Pods-CryptoWalletTests.debug.xcconfig"; sourceTree = "<group>"; };
		7071CF27669D1DBFE73C774C /* Pods_CryptoWallet_CryptoWalletUITests.framework */ = {isa = PBXFileReference; explicitFileType = wrapper.framework; includeInIndex = 0; path = Pods_CryptoWallet_CryptoWalletUITests.framework; sourceTree = BUILT_PRODUCTS_DIR; };
		ADFFA567203D7E149A8623DE /* Pods-CryptoWallet.release.xcconfig */ = {isa = PBXFileReference; includeInIndex = 1; lastKnownFileType = text.xcconfig; name = "Pods-CryptoWallet.release.xcconfig"; path = "Target Support Files/Pods-CryptoWallet/Pods-CryptoWallet.release.xcconfig"; sourceTree = "<group>"; };
		E90A3F7604B00B39D2C086BC /* Pods-CryptoWallet.debug.xcconfig */ = {isa = PBXFileReference; includeInIndex = 1; lastKnownFileType = text.xcconfig; name = "Pods-CryptoWallet.debug.xcconfig"; path = "Target Support Files/Pods-CryptoWallet/Pods-CryptoWallet.debug.xcconfig"; sourceTree = "<group>"; };
		EF05F5F651BFB6615861F818 /* Pods-CryptoWalletTests.release.xcconfig */ = {isa = PBXFileReference; includeInIndex = 1; lastKnownFileType = text.xcconfig; name = "Pods-CryptoWalletTests.release.xcconfig"; path = "Target Support Files/Pods-CryptoWalletTests/Pods-CryptoWalletTests.release.xcconfig"; sourceTree = "<group>"; };
		F6D646011DF8323E98C79955 /* Pods_CryptoWallet.framework */ = {isa = PBXFileReference; explicitFileType = wrapper.framework; includeInIndex = 0; path = Pods_CryptoWallet.framework; sourceTree = BUILT_PRODUCTS_DIR; };
/* End PBXFileReference section */

/* Begin PBXFrameworksBuildPhase section */
		0248A90F2678820000B54F4F /* Frameworks */ = {
			isa = PBXFrameworksBuildPhase;
			buildActionMask = 2147483647;
			files = (
				FE9D9A84B1661FB7096D34B9 /* Pods_CryptoWallet.framework in Frameworks */,
			);
			runOnlyForDeploymentPostprocessing = 0;
		};
		0248A9252678820300B54F4F /* Frameworks */ = {
			isa = PBXFrameworksBuildPhase;
			buildActionMask = 2147483647;
			files = (
				5C0275CB97E18F17BE491EB7 /* Pods_CryptoWalletTests.framework in Frameworks */,
			);
			runOnlyForDeploymentPostprocessing = 0;
		};
		0248A9302678820300B54F4F /* Frameworks */ = {
			isa = PBXFrameworksBuildPhase;
			buildActionMask = 2147483647;
			files = (
				1BFD5B784DCBDD2FFECC514C /* Pods_CryptoWallet_CryptoWalletUITests.framework in Frameworks */,
			);
			runOnlyForDeploymentPostprocessing = 0;
		};
/* End PBXFrameworksBuildPhase section */

/* Begin PBXGroup section */
		0248A9092678820000B54F4F = {
			isa = PBXGroup;
			children = (
				0248A9142678820000B54F4F /* CryptoWallet */,
				0248A92B2678820300B54F4F /* CryptoWalletTests */,
				0248A9362678820300B54F4F /* CryptoWalletUITests */,
				0248A9132678820000B54F4F /* Products */,
				2C06842CF8C94E47818DA98A /* Pods */,
				FF177850FB7AD502455803AE /* Frameworks */,
			);
			sourceTree = "<group>";
		};
		0248A9132678820000B54F4F /* Products */ = {
			isa = PBXGroup;
			children = (
				0248A9122678820000B54F4F /* CryptoWallet.app */,
				0248A9282678820300B54F4F /* CryptoWalletTests.xctest */,
				0248A9332678820300B54F4F /* CryptoWalletUITests.xctest */,
			);
			name = Products;
			sourceTree = "<group>";
		};
		0248A9142678820000B54F4F /* CryptoWallet */ = {
			isa = PBXGroup;
			children = (
				0248A9152678820000B54F4F /* AppDelegate.swift */,
				0248A9172678820000B54F4F /* SceneDelegate.swift */,
				0248A9192678820000B54F4F /* ViewController.swift */,
				0248A91B2678820000B54F4F /* Main.storyboard */,
				0248A91E2678820200B54F4F /* Assets.xcassets */,
				0248A9202678820200B54F4F /* LaunchScreen.storyboard */,
				0248A9232678820200B54F4F /* Info.plist */,
			);
			path = CryptoWallet;
			sourceTree = "<group>";
		};
		0248A92B2678820300B54F4F /* CryptoWalletTests */ = {
			isa = PBXGroup;
			children = (
				0248A92C2678820300B54F4F /* CryptoWalletTests.swift */,
				0248A92E2678820300B54F4F /* Info.plist */,
			);
			path = CryptoWalletTests;
			sourceTree = "<group>";
		};
		0248A9362678820300B54F4F /* CryptoWalletUITests */ = {
			isa = PBXGroup;
			children = (
				0248A9372678820300B54F4F /* CryptoWalletUITests.swift */,
				0248A9392678820300B54F4F /* Info.plist */,
			);
			path = CryptoWalletUITests;
			sourceTree = "<group>";
		};
		2C06842CF8C94E47818DA98A /* Pods */ = {
			isa = PBXGroup;
			children = (
				E90A3F7604B00B39D2C086BC /* Pods-CryptoWallet.debug.xcconfig */,
				ADFFA567203D7E149A8623DE /* Pods-CryptoWallet.release.xcconfig */,
				1EE1A9B636520465A1226E6E /* Pods-CryptoWallet-CryptoWalletUITests.debug.xcconfig */,
				1C8D7B094F0ED2A34546EAEA /* Pods-CryptoWallet-CryptoWalletUITests.release.xcconfig */,
				4B80E8D0E8C14E0B6F0B2642 /* Pods-CryptoWalletTests.debug.xcconfig */,
				EF05F5F651BFB6615861F818 /* Pods-CryptoWalletTests.release.xcconfig */,
			);
			name = Pods;
			path = Pods;
			sourceTree = "<group>";
		};
		FF177850FB7AD502455803AE /* Frameworks */ = {
			isa = PBXGroup;
			children = (
				F6D646011DF8323E98C79955 /* Pods_CryptoWallet.framework */,
				7071CF27669D1DBFE73C774C /* Pods_CryptoWallet_CryptoWalletUITests.framework */,
				1602FF4FED0BD74749446418 /* Pods_CryptoWalletTests.framework */,
			);
			name = Frameworks;
			sourceTree = "<group>";
		};
/* End PBXGroup section */

/* Begin PBXNativeTarget section */
		0248A9112678820000B54F4F /* CryptoWallet */ = {
			isa = PBXNativeTarget;
			buildConfigurationList = 0248A93C2678820300B54F4F /* Build configuration list for PBXNativeTarget "CryptoWallet" */;
			buildPhases = (
				BC31083D463D41C61176EAAF /* [CP] Check Pods Manifest.lock */,
				0248A90E2678820000B54F4F /* Sources */,
				0248A90F2678820000B54F4F /* Frameworks */,
				0248A9102678820000B54F4F /* Resources */,
			);
			buildRules = (
			);
			dependencies = (
			);
			name = CryptoWallet;
			productName = CryptoWallet;
			productReference = 0248A9122678820000B54F4F /* CryptoWallet.app */;
			productType = "com.apple.product-type.application";
		};
		0248A9272678820300B54F4F /* CryptoWalletTests */ = {
			isa = PBXNativeTarget;
			buildConfigurationList = 0248A93F2678820300B54F4F /* Build configuration list for PBXNativeTarget "CryptoWalletTests" */;
			buildPhases = (
				0ADD37680FDF08149F0E7AA2 /* [CP] Check Pods Manifest.lock */,
				0248A9242678820300B54F4F /* Sources */,
				0248A9252678820300B54F4F /* Frameworks */,
				0248A9262678820300B54F4F /* Resources */,
			);
			buildRules = (
			);
			dependencies = (
				0248A92A2678820300B54F4F /* PBXTargetDependency */,
			);
			name = CryptoWalletTests;
			productName = CryptoWalletTests;
			productReference = 0248A9282678820300B54F4F /* CryptoWalletTests.xctest */;
			productType = "com.apple.product-type.bundle.unit-test";
		};
		0248A9322678820300B54F4F /* CryptoWalletUITests */ = {
			isa = PBXNativeTarget;
			buildConfigurationList = 0248A9422678820300B54F4F /* Build configuration list for PBXNativeTarget "CryptoWalletUITests" */;
			buildPhases = (
				15B57FE115D8BC4848736946 /* [CP] Check Pods Manifest.lock */,
				0248A92F2678820300B54F4F /* Sources */,
				0248A9302678820300B54F4F /* Frameworks */,
				0248A9312678820300B54F4F /* Resources */,
			);
			buildRules = (
			);
			dependencies = (
				0248A9352678820300B54F4F /* PBXTargetDependency */,
			);
			name = CryptoWalletUITests;
			productName = CryptoWalletUITests;
			productReference = 0248A9332678820300B54F4F /* CryptoWalletUITests.xctest */;
			productType = "com.apple.product-type.bundle.ui-testing";
		};
/* End PBXNativeTarget section */

/* Begin PBXProject section */
		0248A90A2678820000B54F4F /* Project object */ = {
			isa = PBXProject;
			attributes = {
				LastSwiftUpdateCheck = 1250;
				LastUpgradeCheck = 1250;
				TargetAttributes = {
					0248A9112678820000B54F4F = {
						CreatedOnToolsVersion = 12.5;
					};
					0248A9272678820300B54F4F = {
						CreatedOnToolsVersion = 12.5;
						TestTargetID = 0248A9112678820000B54F4F;
					};
					0248A9322678820300B54F4F = {
						CreatedOnToolsVersion = 12.5;
						TestTargetID = 0248A9112678820000B54F4F;
					};
				};
			};
			buildConfigurationList = 0248A90D2678820000B54F4F /* Build configuration list for PBXProject "CryptoWallet" */;
			compatibilityVersion = "Xcode 9.3";
			developmentRegion = en;
			hasScannedForEncodings = 0;
			knownRegions = (
				en,
				Base,
			);
			mainGroup = 0248A9092678820000B54F4F;
			productRefGroup = 0248A9132678820000B54F4F /* Products */;
			projectDirPath = "";
			projectRoot = "";
			targets = (
				0248A9112678820000B54F4F /* CryptoWallet */,
				0248A9272678820300B54F4F /* CryptoWalletTests */,
				0248A9322678820300B54F4F /* CryptoWalletUITests */,
			);
		};
/* End PBXProject section */

/* Begin PBXResourcesBuildPhase section */
		0248A9102678820000B54F4F /* Resources */ = {
			isa = PBXResourcesBuildPhase;
			buildActionMask = 2147483647;
			files = (
				0248A9222678820200B54F4F /* LaunchScreen.storyboard in Resources */,
				0248A91F2678820200B54F4F /* Assets.xcassets in Resources */,
				0248A91D2678820000B54F4F /* Main.storyboard in Resources */,
			);
			runOnlyForDeploymentPostprocessing = 0;
		};
		0248A9262678820300B54F4F /* Resources */ = {
			isa = PBXResourcesBuildPhase;
			buildActionMask = 2147483647;
			files = (
			);
			runOnlyForDeploymentPostprocessing = 0;
		};
		0248A9312678820300B54F4F /* Resources */ = {
			isa = PBXResourcesBuildPhase;
			buildActionMask = 2147483647;
			files = (
			);
			runOnlyForDeploymentPostprocessing = 0;
		};
/* End PBXResourcesBuildPhase section */

/* Begin PBXShellScriptBuildPhase section */
		0ADD37680FDF08149F0E7AA2 /* [CP] Check Pods Manifest.lock */ = {
			isa = PBXShellScriptBuildPhase;
			buildActionMask = 2147483647;
			files = (
			);
			inputFileListPaths = (
			);
			inputPaths = (
				"${PODS_PODFILE_DIR_PATH}/Podfile.lock",
				"${PODS_ROOT}/Manifest.lock",
			);
			name = "[CP] Check Pods Manifest.lock";
			outputFileListPaths = (
			);
			outputPaths = (
				"$(DERIVED_FILE_DIR)/Pods-CryptoWalletTests-checkManifestLockResult.txt",
			);
			runOnlyForDeploymentPostprocessing = 0;
			shellPath = /bin/sh;
			shellScript = "diff \"${PODS_PODFILE_DIR_PATH}/Podfile.lock\" \"${PODS_ROOT}/Manifest.lock\" > /dev/null\nif [ $? != 0 ] ; then\n    # print error to STDERR\n    echo \"error: The sandbox is not in sync with the Podfile.lock. Run 'pod install' or update your CocoaPods installation.\" >&2\n    exit 1\nfi\n# This output is used by Xcode 'outputs' to avoid re-running this script phase.\necho \"SUCCESS\" > \"${SCRIPT_OUTPUT_FILE_0}\"\n";
			showEnvVarsInLog = 0;
		};
		15B57FE115D8BC4848736946 /* [CP] Check Pods Manifest.lock */ = {
			isa = PBXShellScriptBuildPhase;
			buildActionMask = 2147483647;
			files = (
			);
			inputFileListPaths = (
			);
			inputPaths = (
				"${PODS_PODFILE_DIR_PATH}/Podfile.lock",
				"${PODS_ROOT}/Manifest.lock",
			);
			name = "[CP] Check Pods Manifest.lock";
			outputFileListPaths = (
			);
			outputPaths = (
				"$(DERIVED_FILE_DIR)/Pods-CryptoWallet-CryptoWalletUITests-checkManifestLockResult.txt",
			);
			runOnlyForDeploymentPostprocessing = 0;
			shellPath = /bin/sh;
			shellScript = "diff \"${PODS_PODFILE_DIR_PATH}/Podfile.lock\" \"${PODS_ROOT}/Manifest.lock\" > /dev/null\nif [ $? != 0 ] ; then\n    # print error to STDERR\n    echo \"error: The sandbox is not in sync with the Podfile.lock. Run 'pod install' or update your CocoaPods installation.\" >&2\n    exit 1\nfi\n# This output is used by Xcode 'outputs' to avoid re-running this script phase.\necho \"SUCCESS\" > \"${SCRIPT_OUTPUT_FILE_0}\"\n";
			showEnvVarsInLog = 0;
		};
		BC31083D463D41C61176EAAF /* [CP] Check Pods Manifest.lock */ = {
			isa = PBXShellScriptBuildPhase;
			buildActionMask = 2147483647;
			files = (
			);
			inputFileListPaths = (
			);
			inputPaths = (
				"${PODS_PODFILE_DIR_PATH}/Podfile.lock",
				"${PODS_ROOT}/Manifest.lock",
			);
			name = "[CP] Check Pods Manifest.lock";
			outputFileListPaths = (
			);
			outputPaths = (
				"$(DERIVED_FILE_DIR)/Pods-CryptoWallet-checkManifestLockResult.txt",
			);
			runOnlyForDeploymentPostprocessing = 0;
			shellPath = /bin/sh;
			shellScript = "diff \"${PODS_PODFILE_DIR_PATH}/Podfile.lock\" \"${PODS_ROOT}/Manifest.lock\" > /dev/null\nif [ $? != 0 ] ; then\n    # print error to STDERR\n    echo \"error: The sandbox is not in sync with the Podfile.lock. Run 'pod install' or update your CocoaPods installation.\" >&2\n    exit 1\nfi\n# This output is used by Xcode 'outputs' to avoid re-running this script phase.\necho \"SUCCESS\" > \"${SCRIPT_OUTPUT_FILE_0}\"\n";
			showEnvVarsInLog = 0;
		};
/* End PBXShellScriptBuildPhase section */

/* Begin PBXSourcesBuildPhase section */
		0248A90E2678820000B54F4F /* Sources */ = {
			isa = PBXSourcesBuildPhase;
			buildActionMask = 2147483647;
			files = (
				0248A91A2678820000B54F4F /* ViewController.swift in Sources */,
				0248A9162678820000B54F4F /* AppDelegate.swift in Sources */,
				0248A9182678820000B54F4F /* SceneDelegate.swift in Sources */,
			);
			runOnlyForDeploymentPostprocessing = 0;
		};
		0248A9242678820300B54F4F /* Sources */ = {
			isa = PBXSourcesBuildPhase;
			buildActionMask = 2147483647;
			files = (
				0248A92D2678820300B54F4F /* CryptoWalletTests.swift in Sources */,
			);
			runOnlyForDeploymentPostprocessing = 0;
		};
		0248A92F2678820300B54F4F /* Sources */ = {
			isa = PBXSourcesBuildPhase;
			buildActionMask = 2147483647;
			files = (
				0248A9382678820300B54F4F /* CryptoWalletUITests.swift in Sources */,
			);
			runOnlyForDeploymentPostprocessing = 0;
		};
/* End PBXSourcesBuildPhase section */

/* Begin PBXTargetDependency section */
		0248A92A2678820300B54F4F /* PBXTargetDependency */ = {
			isa = PBXTargetDependency;
			target = 0248A9112678820000B54F4F /* CryptoWallet */;
			targetProxy = 0248A9292678820300B54F4F /* PBXContainerItemProxy */;
		};
		0248A9352678820300B54F4F /* PBXTargetDependency */ = {
			isa = PBXTargetDependency;
			target = 0248A9112678820000B54F4F /* CryptoWallet */;
			targetProxy = 0248A9342678820300B54F4F /* PBXContainerItemProxy */;
		};
/* End PBXTargetDependency section */

/* Begin PBXVariantGroup section */
		0248A91B2678820000B54F4F /* Main.storyboard */ = {
			isa = PBXVariantGroup;
			children = (
				0248A91C2678820000B54F4F /* Base */,
			);
			name = Main.storyboard;
			sourceTree = "<group>";
		};
		0248A9202678820200B54F4F /* LaunchScreen.storyboard */ = {
			isa = PBXVariantGroup;
			children = (
				0248A9212678820200B54F4F /* Base */,
			);
			name = LaunchScreen.storyboard;
			sourceTree = "<group>";
		};
/* End PBXVariantGroup section */

/* Begin XCBuildConfiguration section */
		0248A93A2678820300B54F4F /* Debug */ = {
			isa = XCBuildConfiguration;
			buildSettings = {
				ALWAYS_SEARCH_USER_PATHS = NO;
				CLANG_ANALYZER_NONNULL = YES;
				CLANG_ANALYZER_NUMBER_OBJECT_CONVERSION = YES_AGGRESSIVE;
				CLANG_CXX_LANGUAGE_STANDARD = "gnu++14";
				CLANG_CXX_LIBRARY = "libc++";
				CLANG_ENABLE_MODULES = YES;
				CLANG_ENABLE_OBJC_ARC = YES;
				CLANG_ENABLE_OBJC_WEAK = YES;
				CLANG_WARN_BLOCK_CAPTURE_AUTORELEASING = YES;
				CLANG_WARN_BOOL_CONVERSION = YES;
				CLANG_WARN_COMMA = YES;
				CLANG_WARN_CONSTANT_CONVERSION = YES;
				CLANG_WARN_DEPRECATED_OBJC_IMPLEMENTATIONS = YES;
				CLANG_WARN_DIRECT_OBJC_ISA_USAGE = YES_ERROR;
				CLANG_WARN_DOCUMENTATION_COMMENTS = YES;
				CLANG_WARN_EMPTY_BODY = YES;
				CLANG_WARN_ENUM_CONVERSION = YES;
				CLANG_WARN_INFINITE_RECURSION = YES;
				CLANG_WARN_INT_CONVERSION = YES;
				CLANG_WARN_NON_LITERAL_NULL_CONVERSION = YES;
				CLANG_WARN_OBJC_IMPLICIT_RETAIN_SELF = YES;
				CLANG_WARN_OBJC_LITERAL_CONVERSION = YES;
				CLANG_WARN_OBJC_ROOT_CLASS = YES_ERROR;
				CLANG_WARN_QUOTED_INCLUDE_IN_FRAMEWORK_HEADER = YES;
				CLANG_WARN_RANGE_LOOP_ANALYSIS = YES;
				CLANG_WARN_STRICT_PROTOTYPES = YES;
				CLANG_WARN_SUSPICIOUS_MOVE = YES;
				CLANG_WARN_UNGUARDED_AVAILABILITY = YES_AGGRESSIVE;
				CLANG_WARN_UNREACHABLE_CODE = YES;
				CLANG_WARN__DUPLICATE_METHOD_MATCH = YES;
				COPY_PHASE_STRIP = NO;
				DEBUG_INFORMATION_FORMAT = dwarf;
				ENABLE_STRICT_OBJC_MSGSEND = YES;
				ENABLE_TESTABILITY = YES;
				GCC_C_LANGUAGE_STANDARD = gnu11;
				GCC_DYNAMIC_NO_PIC = NO;
				GCC_NO_COMMON_BLOCKS = YES;
				GCC_OPTIMIZATION_LEVEL = 0;
				GCC_PREPROCESSOR_DEFINITIONS = (
					"DEBUG=1",
					"$(inherited)",
				);
				GCC_WARN_64_TO_32_BIT_CONVERSION = YES;
				GCC_WARN_ABOUT_RETURN_TYPE = YES_ERROR;
				GCC_WARN_UNDECLARED_SELECTOR = YES;
				GCC_WARN_UNINITIALIZED_AUTOS = YES_AGGRESSIVE;
				GCC_WARN_UNUSED_FUNCTION = YES;
				GCC_WARN_UNUSED_VARIABLE = YES;
				IPHONEOS_DEPLOYMENT_TARGET = 14.5;
				MTL_ENABLE_DEBUG_INFO = INCLUDE_SOURCE;
				MTL_FAST_MATH = YES;
				ONLY_ACTIVE_ARCH = YES;
				SDKROOT = iphoneos;
				SWIFT_ACTIVE_COMPILATION_CONDITIONS = DEBUG;
				SWIFT_OPTIMIZATION_LEVEL = "-Onone";
			};
			name = Debug;
		};
		0248A93B2678820300B54F4F /* Release */ = {
			isa = XCBuildConfiguration;
			buildSettings = {
				ALWAYS_SEARCH_USER_PATHS = NO;
				CLANG_ANALYZER_NONNULL = YES;
				CLANG_ANALYZER_NUMBER_OBJECT_CONVERSION = YES_AGGRESSIVE;
				CLANG_CXX_LANGUAGE_STANDARD = "gnu++14";
				CLANG_CXX_LIBRARY = "libc++";
				CLANG_ENABLE_MODULES = YES;
				CLANG_ENABLE_OBJC_ARC = YES;
				CLANG_ENABLE_OBJC_WEAK = YES;
				CLANG_WARN_BLOCK_CAPTURE_AUTORELEASING = YES;
				CLANG_WARN_BOOL_CONVERSION = YES;
				CLANG_WARN_COMMA = YES;
				CLANG_WARN_CONSTANT_CONVERSION = YES;
				CLANG_WARN_DEPRECATED_OBJC_IMPLEMENTATIONS = YES;
				CLANG_WARN_DIRECT_OBJC_ISA_USAGE = YES_ERROR;
				CLANG_WARN_DOCUMENTATION_COMMENTS = YES;
				CLANG_WARN_EMPTY_BODY = YES;
				CLANG_WARN_ENUM_CONVERSION = YES;
				CLANG_WARN_INFINITE_RECURSION = YES;
				CLANG_WARN_INT_CONVERSION = YES;
				CLANG_WARN_NON_LITERAL_NULL_CONVERSION = YES;
				CLANG_WARN_OBJC_IMPLICIT_RETAIN_SELF = YES;
				CLANG_WARN_OBJC_LITERAL_CONVERSION = YES;
				CLANG_WARN_OBJC_ROOT_CLASS = YES_ERROR;
				CLANG_WARN_QUOTED_INCLUDE_IN_FRAMEWORK_HEADER = YES;
				CLANG_WARN_RANGE_LOOP_ANALYSIS = YES;
				CLANG_WARN_STRICT_PROTOTYPES = YES;
				CLANG_WARN_SUSPICIOUS_MOVE = YES;
				CLANG_WARN_UNGUARDED_AVAILABILITY = YES_AGGRESSIVE;
				CLANG_WARN_UNREACHABLE_CODE = YES;
				CLANG_WARN__DUPLICATE_METHOD_MATCH = YES;
				COPY_PHASE_STRIP = NO;
				DEBUG_INFORMATION_FORMAT = "dwarf-with-dsym";
				ENABLE_NS_ASSERTIONS = NO;
				ENABLE_STRICT_OBJC_MSGSEND = YES;
				GCC_C_LANGUAGE_STANDARD = gnu11;
				GCC_NO_COMMON_BLOCKS = YES;
				GCC_WARN_64_TO_32_BIT_CONVERSION = YES;
				GCC_WARN_ABOUT_RETURN_TYPE = YES_ERROR;
				GCC_WARN_UNDECLARED_SELECTOR = YES;
				GCC_WARN_UNINITIALIZED_AUTOS = YES_AGGRESSIVE;
				GCC_WARN_UNUSED_FUNCTION = YES;
				GCC_WARN_UNUSED_VARIABLE = YES;
				IPHONEOS_DEPLOYMENT_TARGET = 14.5;
				MTL_ENABLE_DEBUG_INFO = NO;
				MTL_FAST_MATH = YES;
				SDKROOT = iphoneos;
				SWIFT_COMPILATION_MODE = wholemodule;
				SWIFT_OPTIMIZATION_LEVEL = "-O";
				VALIDATE_PRODUCT = YES;
			};
			name = Release;
		};
		0248A93D2678820300B54F4F /* Debug */ = {
			isa = XCBuildConfiguration;
			baseConfigurationReference = E90A3F7604B00B39D2C086BC /* Pods-CryptoWallet.debug.xcconfig */;
			buildSettings = {
				ASSETCATALOG_COMPILER_APPICON_NAME = AppIcon;
				ASSETCATALOG_COMPILER_GLOBAL_ACCENT_COLOR_NAME = AccentColor;
				CODE_SIGN_STYLE = Automatic;
				DEVELOPMENT_TEAM = HDB9JQ7G5N;
				INFOPLIST_FILE = CryptoWallet/Info.plist;
				LD_RUNPATH_SEARCH_PATHS = (
					"$(inherited)",
					"@executable_path/Frameworks",
				);
				PRODUCT_BUNDLE_IDENTIFIER = com.hungcao.CryptoWallet;
				PRODUCT_NAME = "$(TARGET_NAME)";
				SWIFT_VERSION = 5.0;
				TARGETED_DEVICE_FAMILY = "1,2";
			};
			name = Debug;
		};
		0248A93E2678820300B54F4F /* Release */ = {
			isa = XCBuildConfiguration;
			baseConfigurationReference = ADFFA567203D7E149A8623DE /* Pods-CryptoWallet.release.xcconfig */;
			buildSettings = {
				ASSETCATALOG_COMPILER_APPICON_NAME = AppIcon;
				ASSETCATALOG_COMPILER_GLOBAL_ACCENT_COLOR_NAME = AccentColor;
				CODE_SIGN_STYLE = Automatic;
				DEVELOPMENT_TEAM = HDB9JQ7G5N;
				INFOPLIST_FILE = CryptoWallet/Info.plist;
				LD_RUNPATH_SEARCH_PATHS = (
					"$(inherited)",
					"@executable_path/Frameworks",
				);
				PRODUCT_BUNDLE_IDENTIFIER = com.hungcao.CryptoWallet;
				PRODUCT_NAME = "$(TARGET_NAME)";
				SWIFT_VERSION = 5.0;
				TARGETED_DEVICE_FAMILY = "1,2";
			};
			name = Release;
		};
		0248A9402678820300B54F4F /* Debug */ = {
			isa = XCBuildConfiguration;
			baseConfigurationReference = 4B80E8D0E8C14E0B6F0B2642 /* Pods-CryptoWalletTests.debug.xcconfig */;
			buildSettings = {
				ALWAYS_EMBED_SWIFT_STANDARD_LIBRARIES = YES;
				BUNDLE_LOADER = "$(TEST_HOST)";
				CODE_SIGN_STYLE = Automatic;
				DEVELOPMENT_TEAM = HDB9JQ7G5N;
				INFOPLIST_FILE = CryptoWalletTests/Info.plist;
				IPHONEOS_DEPLOYMENT_TARGET = 14.5;
				LD_RUNPATH_SEARCH_PATHS = (
					"$(inherited)",
					"@executable_path/Frameworks",
					"@loader_path/Frameworks",
				);
				PRODUCT_BUNDLE_IDENTIFIER = com.hungcao.CryptoWalletTests;
				PRODUCT_NAME = "$(TARGET_NAME)";
				SWIFT_VERSION = 5.0;
				TARGETED_DEVICE_FAMILY = "1,2";
				TEST_HOST = "$(BUILT_PRODUCTS_DIR)/CryptoWallet.app/CryptoWallet";
			};
			name = Debug;
		};
		0248A9412678820300B54F4F /* Release */ = {
			isa = XCBuildConfiguration;
			baseConfigurationReference = EF05F5F651BFB6615861F818 /* Pods-CryptoWalletTests.release.xcconfig */;
			buildSettings = {
				ALWAYS_EMBED_SWIFT_STANDARD_LIBRARIES = YES;
				BUNDLE_LOADER = "$(TEST_HOST)";
				CODE_SIGN_STYLE = Automatic;
				DEVELOPMENT_TEAM = HDB9JQ7G5N;
				INFOPLIST_FILE = CryptoWalletTests/Info.plist;
				IPHONEOS_DEPLOYMENT_TARGET = 14.5;
				LD_RUNPATH_SEARCH_PATHS = (
					"$(inherited)",
					"@executable_path/Frameworks",
					"@loader_path/Frameworks",
				);
				PRODUCT_BUNDLE_IDENTIFIER = com.hungcao.CryptoWalletTests;
				PRODUCT_NAME = "$(TARGET_NAME)";
				SWIFT_VERSION = 5.0;
				TARGETED_DEVICE_FAMILY = "1,2";
				TEST_HOST = "$(BUILT_PRODUCTS_DIR)/CryptoWallet.app/CryptoWallet";
			};
			name = Release;
		};
		0248A9432678820300B54F4F /* Debug */ = {
			isa = XCBuildConfiguration;
			baseConfigurationReference = 1EE1A9B636520465A1226E6E /* Pods-CryptoWallet-CryptoWalletUITests.debug.xcconfig */;
			buildSettings = {
				ALWAYS_EMBED_SWIFT_STANDARD_LIBRARIES = YES;
				CODE_SIGN_STYLE = Automatic;
				DEVELOPMENT_TEAM = HDB9JQ7G5N;
				INFOPLIST_FILE = CryptoWalletUITests/Info.plist;
				LD_RUNPATH_SEARCH_PATHS = (
					"$(inherited)",
					"@executable_path/Frameworks",
					"@loader_path/Frameworks",
				);
				PRODUCT_BUNDLE_IDENTIFIER = com.hungcao.CryptoWalletUITests;
				PRODUCT_NAME = "$(TARGET_NAME)";
				SWIFT_VERSION = 5.0;
				TARGETED_DEVICE_FAMILY = "1,2";
				TEST_TARGET_NAME = CryptoWallet;
			};
			name = Debug;
		};
		0248A9442678820300B54F4F /* Release */ = {
			isa = XCBuildConfiguration;
			baseConfigurationReference = 1C8D7B094F0ED2A34546EAEA /* Pods-CryptoWallet-CryptoWalletUITests.release.xcconfig */;
			buildSettings = {
				ALWAYS_EMBED_SWIFT_STANDARD_LIBRARIES = YES;
				CODE_SIGN_STYLE = Automatic;
				DEVELOPMENT_TEAM = HDB9JQ7G5N;
				INFOPLIST_FILE = CryptoWalletUITests/Info.plist;
				LD_RUNPATH_SEARCH_PATHS = (
					"$(inherited)",
					"@executable_path/Frameworks",
					"@loader_path/Frameworks",
				);
				PRODUCT_BUNDLE_IDENTIFIER = com.hungcao.CryptoWalletUITests;
				PRODUCT_NAME = "$(TARGET_NAME)";
				SWIFT_VERSION = 5.0;
				TARGETED_DEVICE_FAMILY = "1,2";
				TEST_TARGET_NAME = CryptoWallet;
			};
			name = Release;
		};
/* End XCBuildConfiguration section */

/* Begin XCConfigurationList section */
		0248A90D2678820000B54F4F /* Build configuration list for PBXProject "CryptoWallet" */ = {
			isa = XCConfigurationList;
			buildConfigurations = (
				0248A93A2678820300B54F4F /* Debug */,
				0248A93B2678820300B54F4F /* Release */,
			);
			defaultConfigurationIsVisible = 0;
			defaultConfigurationName = Release;
		};
		0248A93C2678820300B54F4F /* Build configuration list for PBXNativeTarget "CryptoWallet" */ = {
			isa = XCConfigurationList;
			buildConfigurations = (
				0248A93D2678820300B54F4F /* Debug */,
				0248A93E2678820300B54F4F /* Release */,
			);
			defaultConfigurationIsVisible = 0;
			defaultConfigurationName = Release;
		};
		0248A93F2678820300B54F4F /* Build configuration list for PBXNativeTarget "CryptoWalletTests" */ = {
			isa = XCConfigurationList;
			buildConfigurations = (
				0248A9402678820300B54F4F /* Debug */,
				0248A9412678820300B54F4F /* Release */,
			);
			defaultConfigurationIsVisible = 0;
			defaultConfigurationName = Release;
		};
		0248A9422678820300B54F4F /* Build configuration list for PBXNativeTarget "CryptoWalletUITests" */ = {
			isa = XCConfigurationList;
			buildConfigurations = (
				0248A9432678820300B54F4F /* Debug */,
				0248A9442678820300B54F4F /* Release */,
			);
			defaultConfigurationIsVisible = 0;
			defaultConfigurationName = Release;
		};
/* End XCConfigurationList section */
	};
	rootObject = 0248A90A2678820000B54F4F /* Project object */;
}
